Microsoft Visual Studio Solution File, Format Version 12.00
# Visual Studio Version 17
VisualStudioVersion = 17.5.2.0
MinimumVisualStudioVersion = 10.0.40219.1
Project("{2150E333-8FDC-42A3-9474-1A3956D46DE8}") = "F1BettingApp", "F1BettingApp", "{20C013B6-6F7D-A1FB-C91C-16272E38D91F}"
EndProject
Project("{FAE04EC0-301F-11D3-BF4B-00C04F79EFBC}") = "F1BettingApp.Domain", "F1BettingApp\F1BettingApp.Domain\F1BettingApp.Domain.csproj", "{3C0A5A04-AFE6-37FC-F3A2-241C8D065545}"
EndProject
Project("{FAE04EC0-301F-11D3-BF4B-00C04F79EFBC}") = "F1BettingApp.Infrastructure", "F1BettingApp\F1BettingApp.Infrastructure\F1BettingApp.Infrastructure.csproj", "{4F6E5360-3E71-79D4-1F50-B4977041FD5F}"
EndProject
Project("{FAE04EC0-301F-11D3-BF4B-00C04F79EFBC}") = "F1BettingApp.Tests", "F1BettingApp\F1BettingApp.Tests\F1BettingApp.Tests.csproj", "{45B86EEA-8157-74C5-6EE0-A3B93BEB9C3C}"
EndProject
Project("{FAE04EC0-301F-11D3-BF4B-00C04F79EFBC}") = "F1BettingApp.Application", "F1BettingApp\F1BettingApp.Application\F1BettingApp.Application.csproj", "{53E0DA58-8F36-46FB-E23B-64AA261D6432}"
EndProject
Project("{FAE04EC0-301F-11D3-BF4B-00C04F79EFBC}") = "F1BettingApp.API", "F1BettingApp\F1BettingApp.API\F1BettingApp.API.csproj", "{C2CF9796-3FCF-B587-A1A4-6ABC30369051}"
EndProject
Global
	GlobalSection(SolutionConfigurationPlatforms) = preSolution
		Debug|Any CPU = Debug|Any CPU
		Release|Any CPU = Release|Any CPU
	EndGlobalSection
	GlobalSection(ProjectConfigurationPlatforms) = postSolution
		{3C0A5A04-AFE6-37FC-F3A2-241C8D065545}.Debug|Any CPU.ActiveCfg = Debug|Any CPU
		{3C0A5A04-AFE6-37FC-F3A2-241C8D065545}.Debug|Any CPU.Build.0 = Debug|Any CPU
		{3C0A5A04-AFE6-37FC-F3A2-241C8D065545}.Release|Any CPU.ActiveCfg = Release|Any CPU
		{3C0A5A04-AFE6-37FC-F3A2-241C8D065545}.Release|Any CPU.Build.0 = Release|Any CPU
		{4F6E5360-3E71-79D4-1F50-B4977041FD5F}.Debug|Any CPU.ActiveCfg = Debug|Any CPU
		{4F6E5360-3E71-79D4-1F50-B4977041FD5F}.Debug|Any CPU.Build.0 = Debug|Any CPU
		{4F6E5360-3E71-79D4-1F50-B4977041FD5F}.Release|Any CPU.ActiveCfg = Release|Any CPU
		{4F6E5360-3E71-79D4-1F50-B4977041FD5F}.Release|Any CPU.Build.0 = Release|Any CPU
		{45B86EEA-8157-74C5-6EE0-A3B93BEB9C3C}.Debug|Any CPU.ActiveCfg = Debug|Any CPU
		{45B86EEA-8157-74C5-6EE0-A3B93BEB9C3C}.Debug|Any CPU.Build.0 = Debug|Any CPU
		{45B86EEA-8157-74C5-6EE0-A3B93BEB9C3C}.Release|Any CPU.ActiveCfg = Release|Any CPU
		{45B86EEA-8157-74C5-6EE0-A3B93BEB9C3C}.Release|Any CPU.Build.0 = Release|Any CPU
		{53E0DA58-8F36-46FB-E23B-64AA261D6432}.Debug|Any CPU.ActiveCfg = Debug|Any CPU
		{53E0DA58-8F36-46FB-E23B-64AA261D6432}.Debug|Any CPU.Build.0 = Debug|Any CPU
		{53E0DA58-8F36-46FB-E23B-64AA261D6432}.Release|Any CPU.ActiveCfg = Release|Any CPU
		{53E0DA58-8F36-46FB-E23B-64AA261D6432}.Release|Any CPU.Build.0 = Release|Any CPU
		{C2CF9796-3FCF-B587-A1A4-6ABC30369051}.Debug|Any CPU.ActiveCfg = Debug|Any CPU
		{C2CF9796-3FCF-B587-A1A4-6ABC30369051}.Debug|Any CPU.Build.0 = Debug|Any CPU
		{C2CF9796-3FCF-B587-A1A4-6ABC30369051}.Release|Any CPU.ActiveCfg = Release|Any CPU
		{C2CF9796-3FCF-B587-A1A4-6ABC30369051}.Release|Any CPU.Build.0 = Release|Any CPU
	EndGlobalSection
	GlobalSection(SolutionProperties) = preSolution
		HideSolutionNode = FALSE
	EndGlobalSection
	GlobalSection(NestedProjects) = preSolution
		{3C0A5A04-AFE6-37FC-F3A2-241C8D065545} = {20C013B6-6F7D-A1FB-C91C-16272E38D91F}
		{4F6E5360-3E71-79D4-1F50-B4977041FD5F} = {20C013B6-6F7D-A1FB-C91C-16272E38D91F}
		{45B86EEA-8157-74C5-6EE0-A3B93BEB9C3C} = {20C013B6-6F7D-A1FB-C91C-16272E38D91F}
		{53E0DA58-8F36-46FB-E23B-64AA261D6432} = {20C013B6-6F7D-A1FB-C91C-16272E38D91F}
		{C2CF9796-3FCF-B587-A1A4-6ABC30369051} = {20C013B6-6F7D-A1FB-C91C-16272E38D91F}
	EndGlobalSection
	GlobalSection(ExtensibilityGlobals) = postSolution
		SolutionGuid = {53A74108-4299-4FD4-83CB-608AC221D12A}
	EndGlobalSection
EndGlobal
